// !$*UTF8*$!
{
	archiveVersion = 1;
	classes = {
	};
	objectVersion = 50;
	objects = {

/* Begin PBXBuildFile section */
		601B0479261832BF007A7293 /* StateController.swift in Sources */ = {isa = PBXBuildFile; fileRef = 601B0478261832BF007A7293 /* StateController.swift */; };
		601B047C26183C47007A7293 /* TransactionView.swift in Sources */ = {isa = PBXBuildFile; fileRef = 601B047B26183C47007A7293 /* TransactionView.swift */; };
		602B9EB026172D39004A951C /* AppDelegate.swift in Sources */ = {isa = PBXBuildFile; fileRef = 602B9EAF26172D39004A951C /* AppDelegate.swift */; };
		602B9EB226172D39004A951C /* SceneDelegate.swift in Sources */ = {isa = PBXBuildFile; fileRef = 602B9EB126172D39004A951C /* SceneDelegate.swift */; };
		602B9EB426172D39004A951C /* ContentView.swift in Sources */ = {isa = PBXBuildFile; fileRef = 602B9EB326172D39004A951C /* ContentView.swift */; };
		602B9EB626172D3A004A951C /* Assets.xcassets in Resources */ = {isa = PBXBuildFile; fileRef = 602B9EB526172D3A004A951C /* Assets.xcassets */; };
		602B9EB926172D3A004A951C /* Preview Assets.xcassets in Resources */ = {isa = PBXBuildFile; fileRef = 602B9EB826172D3A004A951C /* Preview Assets.xcassets */; };
		602B9EBC26172D3A004A951C /* LaunchScreen.storyboard in Resources */ = {isa = PBXBuildFile; fileRef = 602B9EBA26172D3A004A951C /* LaunchScreen.storyboard */; };
		602B9EC626172E3E004A951C /* ModelView.swift in Sources */ = {isa = PBXBuildFile; fileRef = 602B9EC526172E3E004A951C /* ModelView.swift */; };
		602B9ECB261736AD004A951C /* CatrgoryView.swift in Sources */ = {isa = PBXBuildFile; fileRef = 602B9ECA261736AD004A951C /* CatrgoryView.swift */; };
		602B9ED126173D11004A951C /* Helper.swift in Sources */ = {isa = PBXBuildFile; fileRef = 602B9ED026173D11004A951C /* Helper.swift */; };
		602B9ED5261742E5004A951C /* BudgetView.swift in Sources */ = {isa = PBXBuildFile; fileRef = 602B9ED4261742E5004A951C /* BudgetView.swift */; };
/* End PBXBuildFile section */

/* Begin PBXFileReference section */
		601B0478261832BF007A7293 /* StateController.swift */ = {isa = PBXFileReference; lastKnownFileType = sourcecode.swift; path = StateController.swift; sourceTree = "<group>"; };
		601B047B26183C47007A7293 /* TransactionView.swift */ = {isa = PBXFileReference; lastKnownFileType = sourcecode.swift; path = TransactionView.swift; sourceTree = "<group>"; };
		602B9EAC26172D39004A951C /* MVCINSwiftUI.app */ = {isa = PBXFileReference; explicitFileType = wrapper.application; includeInIndex = 0; path = MVCINSwiftUI.app; sourceTree = BUILT_PRODUCTS_DIR; };
		602B9EAF26172D39004A951C /* AppDelegate.swift */ = {isa = PBXFileReference; lastKnownFileType = sourcecode.swift; path = AppDelegate.swift; sourceTree = "<group>"; };
		602B9EB126172D39004A951C /* SceneDelegate.swift */ = {isa = PBXFileReference; lastKnownFileType = sourcecode.swift; path = SceneDelegate.swift; sourceTree = "<group>"; };
		602B9EB326172D39004A951C /* ContentView.swift */ = {isa = PBXFileReference; lastKnownFileType = sourcecode.swift; path = ContentView.swift; sourceTree = "<group>"; };
		602B9EB526172D3A004A951C /* Assets.xcassets */ = {isa = PBXFileReference; lastKnownFileType = folder.assetcatalog; path = Assets.xcassets; sourceTree = "<group>"; };
		602B9EB826172D3A004A951C /* Preview Assets.xcassets */ = {isa = PBXFileReference; lastKnownFileType = folder.assetcatalog; path = "Preview Assets.xcassets"; sourceTree = "<group>"; };
		602B9EBB26172D3A004A951C /* Base */ = {isa = PBXFileReference; lastKnownFileType = file.storyboard; name = Base; path = Base.lproj/LaunchScreen.storyboard; sourceTree = "<group>"; };
		602B9EBD26172D3A004A951C /* Info.plist */ = {isa = PBXFileReference; lastKnownFileType = text.plist.xml; path = Info.plist; sourceTree = "<group>"; };
		602B9EC526172E3E004A951C /* ModelView.swift */ = {isa = PBXFileReference; lastKnownFileType = sourcecode.swift; path = ModelView.swift; sourceTree = "<group>"; };
		602B9ECA261736AD004A951C /* CatrgoryView.swift */ = {isa = PBXFileReference; lastKnownFileType = sourcecode.swift; path = CatrgoryView.swift; sourceTree = "<group>"; };
		602B9ED026173D11004A951C /* Helper.swift */ = {isa = PBXFileReference; lastKnownFileType = sourcecode.swift; path = Helper.swift; sourceTree = "<group>"; };
		602B9ED4261742E5004A951C /* BudgetView.swift */ = {isa = PBXFileReference; lastKnownFileType = sourcecode.swift; path = BudgetView.swift; sourceTree = "<group>"; };
/* End PBXFileReference section */

/* Begin PBXFrameworksBuildPhase section */
		602B9EA926172D39004A951C /* Frameworks */ = {
			isa = PBXFrameworksBuildPhase;
			buildActionMask = 2147483647;
			files = (
			);
			runOnlyForDeploymentPostprocessing = 0;
		};
/* End PBXFrameworksBuildPhase section */

/* Begin PBXGroup section */
		602B9EA326172D39004A951C = {
			isa = PBXGroup;
			children = (
				602B9EAE26172D39004A951C /* MVCINSwiftUI */,
				602B9EAD26172D39004A951C /* Products */,
			);
			sourceTree = "<group>";
		};
		602B9EAD26172D39004A951C /* Products */ = {
			isa = PBXGroup;
			children = (
				602B9EAC26172D39004A951C /* MVCINSwiftUI.app */,
			);
			name = Products;
			sourceTree = "<group>";
		};
		602B9EAE26172D39004A951C /* MVCINSwiftUI */ = {
			isa = PBXGroup;
			children = (
				602B9ECF26173CF0004A951C /* ReusableCode */,
				602B9EC926173696004A951C /* View */,
				602B9EC426172E2A004A951C /* Model */,
				602B9EAF26172D39004A951C /* AppDelegate.swift */,
				602B9EB126172D39004A951C /* SceneDelegate.swift */,
				602B9EB326172D39004A951C /* ContentView.swift */,
				602B9EB526172D3A004A951C /* Assets.xcassets */,
				602B9EBA26172D3A004A951C /* LaunchScreen.storyboard */,
				602B9EBD26172D3A004A951C /* Info.plist */,
				602B9EB726172D3A004A951C /* Preview Content */,
				601B0478261832BF007A7293 /* StateController.swift */,
			);
			path = MVCINSwiftUI;
			sourceTree = "<group>";
		};
		602B9EB726172D3A004A951C /* Preview Content */ = {
			isa = PBXGroup;
			children = (
				602B9EB826172D3A004A951C /* Preview Assets.xcassets */,
			);
			path = "Preview Content";
			sourceTree = "<group>";
		};
		602B9EC426172E2A004A951C /* Model */ = {
			isa = PBXGroup;
			children = (
				602B9EC526172E3E004A951C /* ModelView.swift */,
			);
			path = Model;
			sourceTree = "<group>";
		};
		602B9EC926173696004A951C /* View */ = {
			isa = PBXGroup;
			children = (
				602B9ECA261736AD004A951C /* CatrgoryView.swift */,
				602B9ED4261742E5004A951C /* BudgetView.swift */,
				601B047B26183C47007A7293 /* TransactionView.swift */,
			);
			path = View;
			sourceTree = "<group>";
		};
		602B9ECF26173CF0004A951C /* ReusableCode */ = {
			isa = PBXGroup;
			children = (
				602B9ED026173D11004A951C /* Helper.swift */,
			);
			path = ReusableCode;
			sourceTree = "<group>";
		};
/* End PBXGroup section */

/* Begin PBXNativeTarget section */
		602B9EAB26172D39004A951C /* MVCINSwiftUI */ = {
			isa = PBXNativeTarget;
			buildConfigurationList = 602B9EC026172D3A004A951C /* Build configuration list for PBXNativeTarget "MVCINSwiftUI" */;
			buildPhases = (
				602B9EA826172D39004A951C /* Sources */,
				602B9EA926172D39004A951C /* Frameworks */,
				602B9EAA26172D39004A951C /* Resources */,
			);
			buildRules = (
			);
			dependencies = (
			);
			name = MVCINSwiftUI;
			productName = MVCINSwiftUI;
			productReference = 602B9EAC26172D39004A951C /* MVCINSwiftUI.app */;
			productType = "com.apple.product-type.application";
		};
/* End PBXNativeTarget section */

/* Begin PBXProject section */
		602B9EA426172D39004A951C /* Project object */ = {
			isa = PBXProject;
			attributes = {
				LastSwiftUpdateCheck = 1210;
				LastUpgradeCheck = 1210;
				TargetAttributes = {
					602B9EAB26172D39004A951C = {
						CreatedOnToolsVersion = 12.1;
						LastSwiftMigration = 1210;
					};
				};
			};
			buildConfigurationList = 602B9EA726172D39004A951C /* Build configuration list for PBXProject "MVCINSwiftUI" */;
			compatibilityVersion = "Xcode 9.3";
			developmentRegion = en;
			hasScannedForEncodings = 0;
			knownRegions = (
				en,
				Base,
			);
			mainGroup = 602B9EA326172D39004A951C;
			productRefGroup = 602B9EAD26172D39004A951C /* Products */;
			projectDirPath = "";
			projectRoot = "";
			targets = (
				602B9EAB26172D39004A951C /* MVCINSwiftUI */,
			);
		};
/* End PBXProject section */

/* Begin PBXResourcesBuildPhase section */
		602B9EAA26172D39004A951C /* Resources */ = {
			isa = PBXResourcesBuildPhase;
			buildActionMask = 2147483647;
			files = (
				602B9EBC26172D3A004A951C /* LaunchScreen.storyboard in Resources */,
				602B9EB926172D3A004A951C /* Preview Assets.xcassets in Resources */,
				602B9EB626172D3A004A951C /* Assets.xcassets in Resources */,
			);
			runOnlyForDeploymentPostprocessing = 0;
		};
/* End PBXResourcesBuildPhase section */

/* Begin PBXSourcesBuildPhase section */
		602B9EA826172D39004A951C /* Sources */ = {
			isa = PBXSourcesBuildPhase;
			buildActionMask = 2147483647;
			files = (
				602B9EB026172D39004A951C /* AppDelegate.swift in Sources */,
				602B9EB226172D39004A951C /* SceneDelegate.swift in Sources */,
				602B9ECB261736AD004A951C /* CatrgoryView.swift in Sources */,
				602B9EC626172E3E004A951C /* ModelView.swift in Sources */,
				602B9ED5261742E5004A951C /* BudgetView.swift in Sources */,
				601B0479261832BF007A7293 /* StateController.swift in Sources */,
				602B9EB426172D39004A951C /* ContentView.swift in Sources */,
				602B9ED126173D11004A951C /* Helper.swift in Sources */,
				601B047C26183C47007A7293 /* TransactionView.swift in Sources */,
			);
			runOnlyForDeploymentPostprocessing = 0;
		};
/* End PBXSourcesBuildPhase section */

/* Begin PBXVariantGroup section */
		602B9EBA26172D3A004A951C /* LaunchScreen.storyboard */ = {
			isa = PBXVariantGroup;
			children = (
				602B9EBB26172D3A004A951C /* Base */,
			);
			name = LaunchScreen.storyboard;
			sourceTree = "<group>";
		};
/* End PBXVariantGroup section */

/* Begin XCBuildConfiguration section */
		602B9EBE26172D3A004A951C /* Debug */ = {
			isa = XCBuildConfiguration;
			buildSettings = {
				ALWAYS_SEARCH_USER_PATHS = NO;
				CLANG_ANALYZER_NONNULL = YES;
				CLANG_ANALYZER_NUMBER_OBJECT_CONVERSION = YES_AGGRESSIVE;
				CLANG_CXX_LANGUAGE_STANDARD = "gnu++14";
				CLANG_CXX_LIBRARY = "libc++";
				CLANG_ENABLE_MODULES = YES;
				CLANG_ENABLE_OBJC_ARC = YES;
				CLANG_ENABLE_OBJC_WEAK = YES;
				CLANG_WARN_BLOCK_CAPTURE_AUTORELEASING = YES;
				CLANG_WARN_BOOL_CONVERSION = YES;
				CLANG_WARN_COMMA = YES;
				CLANG_WARN_CONSTANT_CONVERSION = YES;
				CLANG_WARN_DEPRECATED_OBJC_IMPLEMENTATIONS = YES;
				CLANG_WARN_DIRECT_OBJC_ISA_USAGE = YES_ERROR;
				CLANG_WARN_DOCUMENTATION_COMMENTS = YES;
				CLANG_WARN_EMPTY_BODY = YES;
				CLANG_WARN_ENUM_CONVERSION = YES;
				CLANG_WARN_INFINITE_RECURSION = YES;
				CLANG_WARN_INT_CONVERSION = YES;
				CLANG_WARN_NON_LITERAL_NULL_CONVERSION = YES;
				CLANG_WARN_OBJC_IMPLICIT_RETAIN_SELF = YES;
				CLANG_WARN_OBJC_LITERAL_CONVERSION = YES;
				CLANG_WARN_OBJC_ROOT_CLASS = YES_ERROR;
				CLANG_WARN_QUOTED_INCLUDE_IN_FRAMEWORK_HEADER = YES;
				CLANG_WARN_RANGE_LOOP_ANALYSIS = YES;
				CLANG_WARN_STRICT_PROTOTYPES = YES;
				CLANG_WARN_SUSPICIOUS_MOVE = YES;
				CLANG_WARN_UNGUARDED_AVAILABILITY = YES_AGGRESSIVE;
				CLANG_WARN_UNREACHABLE_CODE = YES;
				CLANG_WARN__DUPLICATE_METHOD_MATCH = YES;
				COPY_PHASE_STRIP = NO;
				DEBUG_INFORMATION_FORMAT = dwarf;
				ENABLE_STRICT_OBJC_MSGSEND = YES;
				ENABLE_TESTABILITY = YES;
				GCC_C_LANGUAGE_STANDARD = gnu11;
				GCC_DYNAMIC_NO_PIC = NO;
				GCC_NO_COMMON_BLOCKS = YES;
				GCC_OPTIMIZATION_LEVEL = 0;
				GCC_PREPROCESSOR_DEFINITIONS = (
					"DEBUG=1",
					"$(inherited)",
				);
				GCC_WARN_64_TO_32_BIT_CONVERSION = YES;
				GCC_WARN_ABOUT_RETURN_TYPE = YES_ERROR;
				GCC_WARN_UNDECLARED_SELECTOR = YES;
				GCC_WARN_UNINITIALIZED_AUTOS = YES_AGGRESSIVE;
				GCC_WARN_UNUSED_FUNCTION = YES;
				GCC_WARN_UNUSED_VARIABLE = YES;
				IPHONEOS_DEPLOYMENT_TARGET = 14.1;
				MTL_ENABLE_DEBUG_INFO = INCLUDE_SOURCE;
				MTL_FAST_MATH = YES;
				ONLY_ACTIVE_ARCH = YES;
				SDKROOT = iphoneos;
				SWIFT_ACTIVE_COMPILATION_CONDITIONS = DEBUG;
				SWIFT_OPTIMIZATION_LEVEL = "-Onone";
			};
			name = Debug;
		};
		602B9EBF26172D3A004A951C /* Release */ = {
			isa = XCBuildConfiguration;
			buildSettings = {
				ALWAYS_SEARCH_USER_PATHS = NO;
				CLANG_ANALYZER_NONNULL = YES;
				CLANG_ANALYZER_NUMBER_OBJECT_CONVERSION = YES_AGGRESSIVE;
				CLANG_CXX_LANGUAGE_STANDARD = "gnu++14";
				CLANG_CXX_LIBRARY = "libc++";
				CLANG_ENABLE_MODULES = YES;
				CLANG_ENABLE_OBJC_ARC = YES;
				CLANG_ENABLE_OBJC_WEAK = YES;
				CLANG_WARN_BLOCK_CAPTURE_AUTORELEASING = YES;
				CLANG_WARN_BOOL_CONVERSION = YES;
				CLANG_WARN_COMMA = YES;
				CLANG_WARN_CONSTANT_CONVERSION = YES;
				CLANG_WARN_DEPRECATED_OBJC_IMPLEMENTATIONS = YES;
				CLANG_WARN_DIRECT_OBJC_ISA_USAGE = YES_ERROR;
				CLANG_WARN_DOCUMENTATION_COMMENTS = YES;
				CLANG_WARN_EMPTY_BODY = YES;
				CLANG_WARN_ENUM_CONVERSION = YES;
				CLANG_WARN_INFINITE_RECURSION = YES;
				CLANG_WARN_INT_CONVERSION = YES;
				CLANG_WARN_NON_LITERAL_NULL_CONVERSION = YES;
				CLANG_WARN_OBJC_IMPLICIT_RETAIN_SELF = YES;
				CLANG_WARN_OBJC_LITERAL_CONVERSION = YES;
				CLANG_WARN_OBJC_ROOT_CLASS = YES_ERROR;
				CLANG_WARN_QUOTED_INCLUDE_IN_FRAMEWORK_HEADER = YES;
				CLANG_WARN_RANGE_LOOP_ANALYSIS = YES;
				CLANG_WARN_STRICT_PROTOTYPES = YES;
				CLANG_WARN_SUSPICIOUS_MOVE = YES;
				CLANG_WARN_UNGUARDED_AVAILABILITY = YES_AGGRESSIVE;
				CLANG_WARN_UNREACHABLE_CODE = YES;
				CLANG_WARN__DUPLICATE_METHOD_MATCH = YES;
				COPY_PHASE_STRIP = NO;
				DEBUG_INFORMATION_FORMAT = "dwarf-with-dsym";
				ENABLE_NS_ASSERTIONS = NO;
				ENABLE_STRICT_OBJC_MSGSEND = YES;
				GCC_C_LANGUAGE_STANDARD = gnu11;
				GCC_NO_COMMON_BLOCKS = YES;
				GCC_WARN_64_TO_32_BIT_CONVERSION = YES;
				GCC_WARN_ABOUT_RETURN_TYPE = YES_ERROR;
				GCC_WARN_UNDECLARED_SELECTOR = YES;
				GCC_WARN_UNINITIALIZED_AUTOS = YES_AGGRESSIVE;
				GCC_WARN_UNUSED_FUNCTION = YES;
				GCC_WARN_UNUSED_VARIABLE = YES;
				IPHONEOS_DEPLOYMENT_TARGET = 14.1;
				MTL_ENABLE_DEBUG_INFO = NO;
				MTL_FAST_MATH = YES;
				SDKROOT = iphoneos;
				SWIFT_COMPILATION_MODE = wholemodule;
				SWIFT_OPTIMIZATION_LEVEL = "-O";
				VALIDATE_PRODUCT = YES;
			};
			name = Release;
		};
		602B9EC126172D3A004A951C /* Debug */ = {
			isa = XCBuildConfiguration;
			buildSettings = {
				ASSETCATALOG_COMPILER_APPICON_NAME = AppIcon;
				ASSETCATALOG_COMPILER_GLOBAL_ACCENT_COLOR_NAME = AccentColor;
				CLANG_ENABLE_MODULES = YES;
				CODE_SIGN_STYLE = Automatic;
				DEVELOPMENT_ASSET_PATHS = "\"MVCINSwiftUI/Preview Content\"";
				DEVELOPMENT_TEAM = DD73F8592Z;
				ENABLE_PREVIEWS = YES;
				INFOPLIST_FILE = MVCINSwiftUI/Info.plist;
				LD_RUNPATH_SEARCH_PATHS = "$(inherited)";
				PRODUCT_BUNDLE_IDENTIFIER = knoxpo.MVCINSwiftUI;
				PRODUCT_NAME = "$(TARGET_NAME)";
				SWIFT_OBJC_BRIDGING_HEADER = "";
				SWIFT_OPTIMIZATION_LEVEL = "-Onone";
				SWIFT_VERSION = 5.0;
				TARGETED_DEVICE_FAMILY = "1,2";
			};
			name = Debug;
		};
		602B9EC226172D3A004A951C /* Release */ = {
			isa = XCBuildConfiguration;
			buildSettings = {
				ASSETCATALOG_COMPILER_APPICON_NAME = AppIcon;
				ASSETCATALOG_COMPILER_GLOBAL_ACCENT_COLOR_NAME = AccentColor;
				CLANG_ENABLE_MODULES = YES;
				CODE_SIGN_STYLE = Automatic;
				DEVELOPMENT_ASSET_PATHS = "\"MVCINSwiftUI/Preview Content\"";
				DEVELOPMENT_TEAM = DD73F8592Z;
				ENABLE_PREVIEWS = YES;
				INFOPLIST_FILE = MVCINSwiftUI/Info.plist;
				LD_RUNPATH_SEARCH_PATHS = "$(inherited)";
				PRODUCT_BUNDLE_IDENTIFIER = knoxpo.MVCINSwiftUI;
				PRODUCT_NAME = "$(TARGET_NAME)";
				SWIFT_OBJC_BRIDGING_HEADER = "";
				SWIFT_VERSION = 5.0;
				TARGETED_DEVICE_FAMILY = "1,2";
			};
			name = Release;
		};
/* End XCBuildConfiguration section */

/* Begin XCConfigurationList section */
		602B9EA726172D39004A951C /* Build configuration list for PBXProject "MVCINSwiftUI" */ = {
			isa = XCConfigurationList;
			buildConfigurations = (
				602B9EBE26172D3A004A951C /* Debug */,
				602B9EBF26172D3A004A951C /* Release */,
			);
			defaultConfigurationIsVisible = 0;
			defaultConfigurationName = Release;
		};
		602B9EC026172D3A004A951C /* Build configuration list for PBXNativeTarget "MVCINSwiftUI" */ = {
			isa = XCConfigurationList;
			buildConfigurations = (
				602B9EC126172D3A004A951C /* Debug */,
				602B9EC226172D3A004A951C /* Release */,
			);
			defaultConfigurationIsVisible = 0;
			defaultConfigurationName = Release;
		};
/* End XCConfigurationList section */
	};
	rootObject = 602B9EA426172D39004A951C /* Project object */;
}
